// !$*UTF8*$!
{
	archiveVersion = 1;
	classes = {
	};
	objectVersion = 46;
	objects = {
/* Begin PBXBuildFile section */
		0207DA581B56EA530066E2B4 /* Images.xcassets in Resources */ = {isa = PBXBuildFile; fileRef = 0207DA571B56EA530066E2B4 /* Images.xcassets */; };
		044FF479AA72484095CAB272 /* GCDWebServerFileRequest.m in Sources */ = {isa = PBXBuildFile; fileRef = 60F5F242D43C4E3D8EEACC55 /* GCDWebServerFileRequest.m */; };
		080F46B967AE4E1A925339CC /* CDVCamera.m in Sources */ = {isa = PBXBuildFile; fileRef = A27551C45E234EFFBD2DA501 /* CDVCamera.m */; };
		0C25CA38F80346E093B64FD8 /* ListPicker.m in Sources */ = {isa = PBXBuildFile; fileRef = 9AF56A2E32964DD69AB81C62 /* ListPicker.m */; };
		0C59BB10E97A42C6BCA04E8D /* libiconv.dylib in Frameworks */ = {isa = PBXBuildFile; fileRef = 98EFEA0444444196BBD86EEA /* libiconv.dylib */; };
		0F0E5DF3B8C14DA291DE1CE5 /* libz.tbd in Frameworks */ = {isa = PBXBuildFile; fileRef = 8849080AF40D42D1A7E70F0C /* libz.tbd */; };
		0FDD2FC609D5479EB72DF0F3 /* CoreLocation.framework in Frameworks */ = {isa = PBXBuildFile; fileRef = AF237491DC954DC98415EEC7 /* CoreLocation.framework */; };
		18411F5ACFA54E6A962C1FE7 /* CDVViewController+SplashScreen.m in Sources */ = {isa = PBXBuildFile; fileRef = 8E73298B4FC5462EAE7D9BB4 /* CDVViewController+SplashScreen.m */; };
		1D3623260D0F684500981E51 /* AppDelegate.m in Sources */ = {isa = PBXBuildFile; fileRef = 1D3623250D0F684500981E51 /* AppDelegate.m */; };
		1D60589B0D05DD56006BFB54 /* main.m in Sources */ = {isa = PBXBuildFile; fileRef = 29B97316FDCFA39411CA2CEA /* main.m */; };
		24CF74CC241F443E89668A8C /* GCDWebServerFunctions.m in Sources */ = {isa = PBXBuildFile; fileRef = C86DE66E5AE64AAE9ABF3CF0 /* GCDWebServerFunctions.m */; };
		287F0C2D8B3B46DDA4BF8143 /* CDVBarcodeScanner.mm in Sources */ = {isa = PBXBuildFile; fileRef = 5F84EBC2E7A949458DAEB73B /* CDVBarcodeScanner.mm */; settings = {COMPILER_FLAGS = "-fno-objc-arc"; }; };
		28B9B9C127064ADBA652D468 /* CoreVideo.framework in Frameworks */ = {isa = PBXBuildFile; fileRef = 99B948EEA43A410684BF11ED /* CoreVideo.framework */; };
		29FE269DC64746D98C47FD57 /* UIImage+CropScaleOrientation.m in Sources */ = {isa = PBXBuildFile; fileRef = 952DEC6EE60049D1856616C2 /* UIImage+CropScaleOrientation.m */; };
		301BF552109A68D80062928A /* libCordova.a in Frameworks */ = {isa = PBXBuildFile; fileRef = 301BF535109A57CC0062928A /* libCordova.a */; };
		302D95F114D2391D003F00A1 /* MainViewController.m in Sources */ = {isa = PBXBuildFile; fileRef = 302D95EF14D2391D003F00A1 /* MainViewController.m */; };
		302D95F214D2391D003F00A1 /* MainViewController.xib in Resources */ = {isa = PBXBuildFile; fileRef = 302D95F014D2391D003F00A1 /* MainViewController.xib */; };
		35931A2125354256A85A1FE9 /* CDVWKWebViewUIDelegate.m in Sources */ = {isa = PBXBuildFile; fileRef = A5C4B06C98D44F13842CB92A /* CDVWKWebViewUIDelegate.m */; };
		3BC1275D02D54AA5A9444CD0 /* GCDWebServer.m in Sources */ = {isa = PBXBuildFile; fileRef = 26305F402D814AF4A5E5CF9A /* GCDWebServer.m */; };
		3D409DD2AD414585A4CD121D /* WebKit.framework in Frameworks */ = {isa = PBXBuildFile; fileRef = 2C700516BF324C5BAFC24CEE /* WebKit.framework */; settings = {ATTRIBUTES = (Weak, ); }; };
		41CF352C9B9C4EEC88542FE2 /* CDVWKProcessPoolFactory.m in Sources */ = {isa = PBXBuildFile; fileRef = FA0A6E262D9F4B65ABB70E47 /* CDVWKProcessPoolFactory.m */; };
		4E11AB8D18CF44BEA97D35F1 /* GCDWebServerURLEncodedFormRequest.m in Sources */ = {isa = PBXBuildFile; fileRef = 056C6F25B8D746DB9491D318 /* GCDWebServerURLEncodedFormRequest.m */; };
		53DD758412174ADAACAA90BD /* GCDWebServerErrorResponse.m in Sources */ = {isa = PBXBuildFile; fileRef = EB36844D2D774BDE8A1E3267 /* GCDWebServerErrorResponse.m */; };
		5EC996B4F0314A7B960D522D /* IonicKeyboard.m in Sources */ = {isa = PBXBuildFile; fileRef = 8C81E19D5668440FAAD57686 /* IonicKeyboard.m */; };
		6AFF5BF91D6E424B00AB3073 /* CDVLaunchScreen.storyboard in Resources */ = {isa = PBXBuildFile; fileRef = 6AFF5BF81D6E424B00AB3073 /* CDVLaunchScreen.storyboard */; };
		6B0136CA152C4DF09223DD70 /* CoreImage.framework in Frameworks */ = {isa = PBXBuildFile; fileRef = 99E16E74ADBC4261B2869D0A /* CoreImage.framework */; };
		73CC923D1EC446AB98C91B8B /* CDVStatusBar.m in Sources */ = {isa = PBXBuildFile; fileRef = 42B9047B66CB4A429F019B77 /* CDVStatusBar.m */; };
		83F301DC35AA47629DF10E69 /* CDVDevice.m in Sources */ = {isa = PBXBuildFile; fileRef = A64D7E276E6448A3984A1D85 /* CDVDevice.m */; };
		8728F63A2F50401F9BCEB776 /* CDVDeviceName.m in Sources */ = {isa = PBXBuildFile; fileRef = 630666BEFDEC44D998904E8E /* CDVDeviceName.m */; };
		8D99756EE46D462D87F9403A /* GCDWebServerStreamedResponse.m in Sources */ = {isa = PBXBuildFile; fileRef = EA536539B8214FDBA1A750FE /* GCDWebServerStreamedResponse.m */; };
		8F69745690904F0A9D2BF7A8 /* AVFoundation.framework in Frameworks */ = {isa = PBXBuildFile; fileRef = C8C1A35CCF9943D3B88B90A3 /* AVFoundation.framework */; };
		8F9675CD853746BDA502C012 /* GCDWebServerConnection.m in Sources */ = {isa = PBXBuildFile; fileRef = 1784D948A54E45E79C2BBA65 /* GCDWebServerConnection.m */; };
		905A44E8EAD94929BFAD9B96 /* CDVBarcodeScanner.bundle in Resources */ = {isa = PBXBuildFile; fileRef = 719B7A1208184E1EB2B7C5F9 /* CDVBarcodeScanner.bundle */; };
		93BC54E6F34A4D2783038AD4 /* zxing-all-in-one.cpp in Sources */ = {isa = PBXBuildFile; fileRef = 66B2E18A23914772BD56680A /* zxing-all-in-one.cpp */; };
		9AC43CF90BC44956B5FB748D /* GCDWebServerDataResponse.m in Sources */ = {isa = PBXBuildFile; fileRef = 070829C6D5AF447D8FD91143 /* GCDWebServerDataResponse.m */; };
		9C1D5E6604DA412E8C8BD291 /* CDVWKWebViewEngine.m in Sources */ = {isa = PBXBuildFile; fileRef = 3D6C132F81CB42AFB2CE89C6 /* CDVWKWebViewEngine.m */; };
		B39FA017EF7A4194A71341E0 /* GCDWebServerRequest.m in Sources */ = {isa = PBXBuildFile; fileRef = 7BF9FAC7D2254578B47194D1 /* GCDWebServerRequest.m */; };
		B4726E9D705846CE984A4E20 /* QuartzCore.framework in Frameworks */ = {isa = PBXBuildFile; fileRef = ABCBE040E912426992F00EE1 /* QuartzCore.framework */; };
		D0177954FA2F42EFB3AAF600 /* GCDWebServerDataRequest.m in Sources */ = {isa = PBXBuildFile; fileRef = 37A43094D30D416D9C6DD262 /* GCDWebServerDataRequest.m */; };
		D2AF68AB21DA41C29D2E5DAE /* GCDWebServerMultiPartFormRequest.m in Sources */ = {isa = PBXBuildFile; fileRef = BF518159CBC04BD8865E22C7 /* GCDWebServerMultiPartFormRequest.m */; };
		D64E606805D84C05B5E5B754 /* scannerOverlay.xib in Resources */ = {isa = PBXBuildFile; fileRef = 451597FF42DA49D5ADDAC8F0 /* scannerOverlay.xib */; };
		DCD97B365B7B4D718908A890 /* AudioToolbox.framework in Frameworks */ = {isa = PBXBuildFile; fileRef = 31A4944E8ABF48F491CFFF62 /* AudioToolbox.framework */; };
		DCF3AABF15C14CEA960C5FE0 /* GCDWebServerResponse.m in Sources */ = {isa = PBXBuildFile; fileRef = CCD4483C96D04F1592EAC58F /* GCDWebServerResponse.m */; };
		E8994A17D8594138B94915CB /* ImageIO.framework in Frameworks */ = {isa = PBXBuildFile; fileRef = AB2723B123194A2DA379BDB9 /* ImageIO.framework */; settings = {ATTRIBUTES = (Weak, ); }; };
		EFC8ECCA13B44C44B7860237 /* CDVSplashScreen.m in Sources */ = {isa = PBXBuildFile; fileRef = CD0086EC95C441A2BA33B82F /* CDVSplashScreen.m */; };
		F7AE83144FC3419D81849C3A /* GCDWebServerFileResponse.m in Sources */ = {isa = PBXBuildFile; fileRef = A40FB25EA2C24683A1140B38 /* GCDWebServerFileResponse.m */; };
		FBBF8658672C4A0A8D2019FC /* CDVJpegHeaderWriter.m in Sources */ = {isa = PBXBuildFile; fileRef = 050037367C8740E38CB472F8 /* CDVJpegHeaderWriter.m */; };
/* End PBXBuildFile section */

/* Begin PBXContainerItemProxy section */
		301BF534109A57CC0062928A /* PBXContainerItemProxy */ = {
			isa = PBXContainerItemProxy;
			containerPortal = 301BF52D109A57CC0062928A /* CordovaLib/CordovaLib.xcodeproj */;
			proxyType = 2;
			remoteGlobalIDString = D2AAC07E0554694100DB518D;
			remoteInfo = CordovaLib;
		};
		301BF550109A68C00062928A /* PBXContainerItemProxy */ = {
			isa = PBXContainerItemProxy;
			containerPortal = 301BF52D109A57CC0062928A /* CordovaLib/CordovaLib.xcodeproj */;
			proxyType = 1;
			remoteGlobalIDString = D2AAC07D0554694100DB518D;
			remoteInfo = CordovaLib;
		};
		E02CE636203EA66E006BEC92 /* PBXContainerItemProxy */ = {
			isa = PBXContainerItemProxy;
			containerPortal = 301BF52D109A57CC0062928A /* CordovaLib/CordovaLib.xcodeproj */;
			proxyType = 2;
			remoteGlobalIDString = C0C01EB21E3911D50056E6CB;
			remoteInfo = Cordova;
		};
/* End PBXContainerItemProxy section */

/* Begin PBXFileReference section */
		0207DA571B56EA530066E2B4 /* Images.xcassets */ = {isa = PBXFileReference; lastKnownFileType = folder.assetcatalog; name = Images.xcassets; path = "E-Activation/Images.xcassets"; sourceTree = SOURCE_ROOT; };
		040E750C1D45421DA0AF3892 /* GCDWebServerConnection.h */ = {isa = PBXFileReference; explicitFileType = undefined; fileEncoding = 4; includeInIndex = 0; lastKnownFileType = sourcecode.c.h; name = GCDWebServerConnection.h; path = "cordova-plugin-ionic-webview/GCDWebServerConnection.h"; sourceTree = "<group>"; };
		045E6B105FE04BDC911A447B /* GCDWebServerMultiPartFormRequest.h */ = {isa = PBXFileReference; explicitFileType = undefined; fileEncoding = 4; includeInIndex = 0; lastKnownFileType = sourcecode.c.h; name = GCDWebServerMultiPartFormRequest.h; path = "cordova-plugin-ionic-webview/GCDWebServerMultiPartFormRequest.h"; sourceTree = "<group>"; };
		050037367C8740E38CB472F8 /* CDVJpegHeaderWriter.m */ = {isa = PBXFileReference; explicitFileType = undefined; fileEncoding = 4; includeInIndex = 0; lastKnownFileType = sourcecode.c.objc; name = CDVJpegHeaderWriter.m; path = "cordova-plugin-camera/CDVJpegHeaderWriter.m"; sourceTree = "<group>"; };
		056C6F25B8D746DB9491D318 /* GCDWebServerURLEncodedFormRequest.m */ = {isa = PBXFileReference; explicitFileType = undefined; fileEncoding = 4; includeInIndex = 0; lastKnownFileType = sourcecode.c.objc; name = GCDWebServerURLEncodedFormRequest.m; path = "cordova-plugin-ionic-webview/GCDWebServerURLEncodedFormRequest.m"; sourceTree = "<group>"; };
		070829C6D5AF447D8FD91143 /* GCDWebServerDataResponse.m */ = {isa = PBXFileReference; explicitFileType = undefined; fileEncoding = 4; includeInIndex = 0; lastKnownFileType = sourcecode.c.objc; name = GCDWebServerDataResponse.m; path = "cordova-plugin-ionic-webview/GCDWebServerDataResponse.m"; sourceTree = "<group>"; };
		098F122971E343E3A7BA7310 /* GCDWebServerDataResponse.h */ = {isa = PBXFileReference; explicitFileType = undefined; fileEncoding = 4; includeInIndex = 0; lastKnownFileType = sourcecode.c.h; name = GCDWebServerDataResponse.h; path = "cordova-plugin-ionic-webview/GCDWebServerDataResponse.h"; sourceTree = "<group>"; };
		1784D948A54E45E79C2BBA65 /* GCDWebServerConnection.m */ = {isa = PBXFileReference; explicitFileType = undefined; fileEncoding = 4; includeInIndex = 0; lastKnownFileType = sourcecode.c.objc; name = GCDWebServerConnection.m; path = "cordova-plugin-ionic-webview/GCDWebServerConnection.m"; sourceTree = "<group>"; };
		1D3623240D0F684500981E51 /* AppDelegate.h */ = {isa = PBXFileReference; fileEncoding = 4; lastKnownFileType = sourcecode.c.h; path = AppDelegate.h; sourceTree = "<group>"; };
		1D3623250D0F684500981E51 /* AppDelegate.m */ = {isa = PBXFileReference; fileEncoding = 4; lastKnownFileType = sourcecode.c.objc; path = AppDelegate.m; sourceTree = "<group>"; };
		1D6058910D05DD3D006BFB54 /* E-Activation.app */ = {isa = PBXFileReference; explicitFileType = wrapper.application; includeInIndex = 0; path = "E-Activation.app"; sourceTree = BUILT_PRODUCTS_DIR; };
		2228C6FE409E4728AF9D91E0 /* CDVStatusBar.h */ = {isa = PBXFileReference; explicitFileType = undefined; fileEncoding = 4; includeInIndex = 0; lastKnownFileType = sourcecode.c.h; name = CDVStatusBar.h; path = "cordova-plugin-statusbar/CDVStatusBar.h"; sourceTree = "<group>"; };
		26305F402D814AF4A5E5CF9A /* GCDWebServer.m */ = {isa = PBXFileReference; explicitFileType = undefined; fileEncoding = 4; includeInIndex = 0; lastKnownFileType = sourcecode.c.objc; name = GCDWebServer.m; path = "cordova-plugin-ionic-webview/GCDWebServer.m"; sourceTree = "<group>"; };
		29B97316FDCFA39411CA2CEA /* main.m */ = {isa = PBXFileReference; fileEncoding = 4; lastKnownFileType = sourcecode.c.objc; path = main.m; sourceTree = "<group>"; };
		2A8D3AF2301248E592966AEC /* GCDWebServerDataRequest.h */ = {isa = PBXFileReference; explicitFileType = undefined; fileEncoding = 4; includeInIndex = 0; lastKnownFileType = sourcecode.c.h; name = GCDWebServerDataRequest.h; path = "cordova-plugin-ionic-webview/GCDWebServerDataRequest.h"; sourceTree = "<group>"; };
		2C700516BF324C5BAFC24CEE /* WebKit.framework */ = {isa = PBXFileReference; explicitFileType = undefined; fileEncoding = 9; includeInIndex = 0; lastKnownFileType = wrapper.framework; name = WebKit.framework; path = System/Library/Frameworks/WebKit.framework; sourceTree = SDKROOT; };
		2DFA0811C6F74FA49DDA9F62 /* GCDWebServerURLEncodedFormRequest.h */ = {isa = PBXFileReference; explicitFileType = undefined; fileEncoding = 4; includeInIndex = 0; lastKnownFileType = sourcecode.c.h; name = GCDWebServerURLEncodedFormRequest.h; path = "cordova-plugin-ionic-webview/GCDWebServerURLEncodedFormRequest.h"; sourceTree = "<group>"; };
		2E271F9CB5AA48FD8D49179E /* GCDWebServerStreamedResponse.h */ = {isa = PBXFileReference; explicitFileType = undefined; fileEncoding = 4; includeInIndex = 0; lastKnownFileType = sourcecode.c.h; name = GCDWebServerStreamedResponse.h; path = "cordova-plugin-ionic-webview/GCDWebServerStreamedResponse.h"; sourceTree = "<group>"; };
		301BF52D109A57CC0062928A /* CordovaLib/CordovaLib.xcodeproj */ = {isa = PBXFileReference; lastKnownFileType = "wrapper.pb-project"; path = CordovaLib/CordovaLib.xcodeproj; sourceTree = "<group>"; };
		301BF56E109A69640062928A /* www */ = {isa = PBXFileReference; lastKnownFileType = folder; path = www; sourceTree = SOURCE_ROOT; };
		302D95EE14D2391D003F00A1 /* MainViewController.h */ = {isa = PBXFileReference; fileEncoding = 4; lastKnownFileType = sourcecode.c.h; path = MainViewController.h; sourceTree = "<group>"; };
		302D95EF14D2391D003F00A1 /* MainViewController.m */ = {isa = PBXFileReference; fileEncoding = 4; lastKnownFileType = sourcecode.c.objc; path = MainViewController.m; sourceTree = "<group>"; };
		302D95F014D2391D003F00A1 /* MainViewController.xib */ = {isa = PBXFileReference; fileEncoding = 4; lastKnownFileType = file.xib; path = MainViewController.xib; sourceTree = "<group>"; };
		3047A50F1AB8059700498E2A /* build-debug.xcconfig */ = {isa = PBXFileReference; fileEncoding = 4; lastKnownFileType = text.xcconfig; name = "build-debug.xcconfig"; path = "cordova/build-debug.xcconfig"; sourceTree = SOURCE_ROOT; };
		3047A5101AB8059700498E2A /* build-release.xcconfig */ = {isa = PBXFileReference; fileEncoding = 4; lastKnownFileType = text.xcconfig; name = "build-release.xcconfig"; path = "cordova/build-release.xcconfig"; sourceTree = SOURCE_ROOT; };
		3047A5111AB8059700498E2A /* build.xcconfig */ = {isa = PBXFileReference; fileEncoding = 4; lastKnownFileType = text.xcconfig; name = build.xcconfig; path = cordova/build.xcconfig; sourceTree = SOURCE_ROOT; };
		31A4944E8ABF48F491CFFF62 /* AudioToolbox.framework */ = {isa = PBXFileReference; explicitFileType = undefined; fileEncoding = 9; includeInIndex = 0; lastKnownFileType = wrapper.framework; name = AudioToolbox.framework; path = System/Library/Frameworks/AudioToolbox.framework; sourceTree = SDKROOT; };
		32CA4F630368D1EE00C91783 /* E-Activation-Prefix.pch */ = {isa = PBXFileReference; fileEncoding = 4; lastKnownFileType = sourcecode.c.h; path = "E-Activation-Prefix.pch"; sourceTree = "<group>"; };
		37A43094D30D416D9C6DD262 /* GCDWebServerDataRequest.m */ = {isa = PBXFileReference; explicitFileType = undefined; fileEncoding = 4; includeInIndex = 0; lastKnownFileType = sourcecode.c.objc; name = GCDWebServerDataRequest.m; path = "cordova-plugin-ionic-webview/GCDWebServerDataRequest.m"; sourceTree = "<group>"; };
		3A264598E26D43C8BD8B083F /* CDVWKProcessPoolFactory.h */ = {isa = PBXFileReference; explicitFileType = undefined; fileEncoding = 4; includeInIndex = 0; lastKnownFileType = sourcecode.c.h; name = CDVWKProcessPoolFactory.h; path = "cordova-plugin-ionic-webview/CDVWKProcessPoolFactory.h"; sourceTree = "<group>"; };
		3CE3B10A8D9C46BDB51B76FF /* GCDWebServer.h */ = {isa = PBXFileReference; explicitFileType = undefined; fileEncoding = 4; includeInIndex = 0; lastKnownFileType = sourcecode.c.h; name = GCDWebServer.h; path = "cordova-plugin-ionic-webview/GCDWebServer.h"; sourceTree = "<group>"; };
		3D6C132F81CB42AFB2CE89C6 /* CDVWKWebViewEngine.m */ = {isa = PBXFileReference; explicitFileType = undefined; fileEncoding = 4; includeInIndex = 0; lastKnownFileType = sourcecode.c.objc; name = CDVWKWebViewEngine.m; path = "cordova-plugin-ionic-webview/CDVWKWebViewEngine.m"; sourceTree = "<group>"; };
		3DA0FA05FF8A4A449B746921 /* CDVSplashScreen.h */ = {isa = PBXFileReference; explicitFileType = undefined; fileEncoding = 4; includeInIndex = 0; lastKnownFileType = sourcecode.c.h; name = CDVSplashScreen.h; path = "cordova-plugin-splashscreen/CDVSplashScreen.h"; sourceTree = "<group>"; };
		42B9047B66CB4A429F019B77 /* CDVStatusBar.m */ = {isa = PBXFileReference; explicitFileType = undefined; fileEncoding = 4; includeInIndex = 0; lastKnownFileType = sourcecode.c.objc; name = CDVStatusBar.m; path = "cordova-plugin-statusbar/CDVStatusBar.m"; sourceTree = "<group>"; };
		443EACE264CF48B7BC79589A /* zxing-all-in-one.h */ = {isa = PBXFileReference; explicitFileType = undefined; fileEncoding = 4; includeInIndex = 0; lastKnownFileType = sourcecode.c.h; name = "zxing-all-in-one.h"; path = "phonegap-plugin-barcodescanner/zxing-all-in-one.h"; sourceTree = "<group>"; };
		451597FF42DA49D5ADDAC8F0 /* scannerOverlay.xib */ = {isa = PBXFileReference; explicitFileType = undefined; fileEncoding = 9; includeInIndex = 0; lastKnownFileType = file.xib; path = scannerOverlay.xib; sourceTree = "<group>"; };
		45823262686348ECA71B91FB /* CDVJpegHeaderWriter.h */ = {isa = PBXFileReference; explicitFileType = undefined; fileEncoding = 4; includeInIndex = 0; lastKnownFileType = sourcecode.c.h; name = CDVJpegHeaderWriter.h; path = "cordova-plugin-camera/CDVJpegHeaderWriter.h"; sourceTree = "<group>"; };
		4FCA2D0C0E394519AB390124 /* GCDWebServerRequest.h */ = {isa = PBXFileReference; explicitFileType = undefined; fileEncoding = 4; includeInIndex = 0; lastKnownFileType = sourcecode.c.h; name = GCDWebServerRequest.h; path = "cordova-plugin-ionic-webview/GCDWebServerRequest.h"; sourceTree = "<group>"; };
		5F84EBC2E7A949458DAEB73B /* CDVBarcodeScanner.mm */ = {isa = PBXFileReference; explicitFileType = undefined; fileEncoding = 9; includeInIndex = 0; lastKnownFileType = unknown; name = CDVBarcodeScanner.mm; path = "phonegap-plugin-barcodescanner/CDVBarcodeScanner.mm"; sourceTree = "<group>"; };
		60F5F242D43C4E3D8EEACC55 /* GCDWebServerFileRequest.m */ = {isa = PBXFileReference; explicitFileType = undefined; fileEncoding = 4; includeInIndex = 0; lastKnownFileType = sourcecode.c.objc; name = GCDWebServerFileRequest.m; path = "cordova-plugin-ionic-webview/GCDWebServerFileRequest.m"; sourceTree = "<group>"; };
		630666BEFDEC44D998904E8E /* CDVDeviceName.m */ = {isa = PBXFileReference; explicitFileType = undefined; fileEncoding = 4; includeInIndex = 0; lastKnownFileType = sourcecode.c.objc; name = CDVDeviceName.m; path = "cordova-plugin-device-name/CDVDeviceName.m"; sourceTree = "<group>"; };
		66B2E18A23914772BD56680A /* zxing-all-in-one.cpp */ = {isa = PBXFileReference; explicitFileType = undefined; fileEncoding = 9; includeInIndex = 0; lastKnownFileType = unknown; name = "zxing-all-in-one.cpp"; path = "phonegap-plugin-barcodescanner/zxing-all-in-one.cpp"; sourceTree = "<group>"; };
		6AFF5BF81D6E424B00AB3073 /* CDVLaunchScreen.storyboard */ = {isa = PBXFileReference; fileEncoding = 4; lastKnownFileType = file.storyboard; name = CDVLaunchScreen.storyboard; path = "E-Activation/CDVLaunchScreen.storyboard"; sourceTree = SOURCE_ROOT; };
		6B2BB4869D30412AA68E82C5 /* GCDWebServerFileResponse.h */ = {isa = PBXFileReference; explicitFileType = undefined; fileEncoding = 4; includeInIndex = 0; lastKnownFileType = sourcecode.c.h; name = GCDWebServerFileResponse.h; path = "cordova-plugin-ionic-webview/GCDWebServerFileResponse.h"; sourceTree = "<group>"; };
		719B7A1208184E1EB2B7C5F9 /* CDVBarcodeScanner.bundle */ = {isa = PBXFileReference; explicitFileType = undefined; fileEncoding = 9; includeInIndex = 0; lastKnownFileType = "wrapper.plug-in"; path = CDVBarcodeScanner.bundle; sourceTree = "<group>"; };
		7BF9FAC7D2254578B47194D1 /* GCDWebServerRequest.m */ = {isa = PBXFileReference; explicitFileType = undefined; fileEncoding = 4; includeInIndex = 0; lastKnownFileType = sourcecode.c.objc; name = GCDWebServerRequest.m; path = "cordova-plugin-ionic-webview/GCDWebServerRequest.m"; sourceTree = "<group>"; };
		8661C5E303D6474EA87ADCC4 /* GCDWebServerHTTPStatusCodes.h */ = {isa = PBXFileReference; explicitFileType = undefined; fileEncoding = 4; includeInIndex = 0; lastKnownFileType = sourcecode.c.h; name = GCDWebServerHTTPStatusCodes.h; path = "cordova-plugin-ionic-webview/GCDWebServerHTTPStatusCodes.h"; sourceTree = "<group>"; };
		87D5FB67501A4D4A99C44ECF /* GCDWebServerFileRequest.h */ = {isa = PBXFileReference; explicitFileType = undefined; fileEncoding = 4; includeInIndex = 0; lastKnownFileType = sourcecode.c.h; name = GCDWebServerFileRequest.h; path = "cordova-plugin-ionic-webview/GCDWebServerFileRequest.h"; sourceTree = "<group>"; };
		8849080AF40D42D1A7E70F0C /* libz.tbd */ = {isa = PBXFileReference; explicitFileType = undefined; fileEncoding = 9; includeInIndex = 0; lastKnownFileType = "sourcecode.text-based-dylib-definition"; name = libz.tbd; path = usr/lib/libz.tbd; sourceTree = SDKROOT; };
		8C81E19D5668440FAAD57686 /* IonicKeyboard.m */ = {isa = PBXFileReference; explicitFileType = undefined; fileEncoding = 4; includeInIndex = 0; lastKnownFileType = sourcecode.c.objc; name = IonicKeyboard.m; path = "ionic-plugin-keyboard/IonicKeyboard.m"; sourceTree = "<group>"; };
		8D1107310486CEB800E47090 /* E-Activation-Info.plist */ = {isa = PBXFileReference; fileEncoding = 4; lastKnownFileType = text.plist.xml; name = "E-Activation-Info.plist"; path = "E-Activation/E-Activation-Info.plist"; plistStructureDefinitionIdentifier = "com.apple.xcode.plist.structure-definition.iphone.info-plist"; sourceTree = SOURCE_ROOT; };
		8E73298B4FC5462EAE7D9BB4 /* CDVViewController+SplashScreen.m */ = {isa = PBXFileReference; explicitFileType = undefined; fileEncoding = 4; includeInIndex = 0; lastKnownFileType = sourcecode.c.objc; name = "CDVViewController+SplashScreen.m"; path = "cordova-plugin-splashscreen/CDVViewController+SplashScreen.m"; sourceTree = "<group>"; };
		952DEC6EE60049D1856616C2 /* UIImage+CropScaleOrientation.m */ = {isa = PBXFileReference; explicitFileType = undefined; fileEncoding = 4; includeInIndex = 0; lastKnownFileType = sourcecode.c.objc; name = "UIImage+CropScaleOrientation.m"; path = "cordova-plugin-camera/UIImage+CropScaleOrientation.m"; sourceTree = "<group>"; };
		9815B4C26DF94231A83862AB /* CDVDevice.h */ = {isa = PBXFileReference; explicitFileType = undefined; fileEncoding = 4; includeInIndex = 0; lastKnownFileType = sourcecode.c.h; name = CDVDevice.h; path = "cordova-plugin-device/CDVDevice.h"; sourceTree = "<group>"; };
		98EFEA0444444196BBD86EEA /* libiconv.dylib */ = {isa = PBXFileReference; explicitFileType = undefined; fileEncoding = 9; includeInIndex = 0; lastKnownFileType = "compiled.mach-o.dylib"; name = libiconv.dylib; path = usr/lib/libiconv.dylib; sourceTree = SDKROOT; };
		99B948EEA43A410684BF11ED /* CoreVideo.framework */ = {isa = PBXFileReference; explicitFileType = undefined; fileEncoding = 9; includeInIndex = 0; lastKnownFileType = wrapper.framework; name = CoreVideo.framework; path = System/Library/Frameworks/CoreVideo.framework; sourceTree = SDKROOT; };
		99E16E74ADBC4261B2869D0A /* CoreImage.framework */ = {isa = PBXFileReference; explicitFileType = undefined; fileEncoding = 9; includeInIndex = 0; lastKnownFileType = wrapper.framework; name = CoreImage.framework; path = System/Library/Frameworks/CoreImage.framework; sourceTree = SDKROOT; };
		9AF56A2E32964DD69AB81C62 /* ListPicker.m */ = {isa = PBXFileReference; explicitFileType = undefined; fileEncoding = 4; includeInIndex = 0; lastKnownFileType = sourcecode.c.objc; name = ListPicker.m; path = "cordova-plugin-listpicker/ListPicker.m"; sourceTree = "<group>"; };
		A0B598E3517D4705BD470362 /* CDVViewController+SplashScreen.h */ = {isa = PBXFileReference; explicitFileType = undefined; fileEncoding = 4; includeInIndex = 0; lastKnownFileType = sourcecode.c.h; name = "CDVViewController+SplashScreen.h"; path = "cordova-plugin-splashscreen/CDVViewController+SplashScreen.h"; sourceTree = "<group>"; };
		A2309F3603B04B13AF42E655 /* GCDWebServerResponse.h */ = {isa = PBXFileReference; explicitFileType = undefined; fileEncoding = 4; includeInIndex = 0; lastKnownFileType = sourcecode.c.h; name = GCDWebServerResponse.h; path = "cordova-plugin-ionic-webview/GCDWebServerResponse.h"; sourceTree = "<group>"; };
		A27551C45E234EFFBD2DA501 /* CDVCamera.m */ = {isa = PBXFileReference; explicitFileType = undefined; fileEncoding = 4; includeInIndex = 0; lastKnownFileType = sourcecode.c.objc; name = CDVCamera.m; path = "cordova-plugin-camera/CDVCamera.m"; sourceTree = "<group>"; };
		A40FB25EA2C24683A1140B38 /* GCDWebServerFileResponse.m */ = {isa = PBXFileReference; explicitFileType = undefined; fileEncoding = 4; includeInIndex = 0; lastKnownFileType = sourcecode.c.objc; name = GCDWebServerFileResponse.m; path = "cordova-plugin-ionic-webview/GCDWebServerFileResponse.m"; sourceTree = "<group>"; };
		A5C4B06C98D44F13842CB92A /* CDVWKWebViewUIDelegate.m */ = {isa = PBXFileReference; explicitFileType = undefined; fileEncoding = 4; includeInIndex = 0; lastKnownFileType = sourcecode.c.objc; name = CDVWKWebViewUIDelegate.m; path = "cordova-plugin-ionic-webview/CDVWKWebViewUIDelegate.m"; sourceTree = "<group>"; };
		A5D88FDAA28D4878B6813844 /* GCDWebServerErrorResponse.h */ = {isa = PBXFileReference; explicitFileType = undefined; fileEncoding = 4; includeInIndex = 0; lastKnownFileType = sourcecode.c.h; name = GCDWebServerErrorResponse.h; path = "cordova-plugin-ionic-webview/GCDWebServerErrorResponse.h"; sourceTree = "<group>"; };
		A64D7E276E6448A3984A1D85 /* CDVDevice.m */ = {isa = PBXFileReference; explicitFileType = undefined; fileEncoding = 4; includeInIndex = 0; lastKnownFileType = sourcecode.c.objc; name = CDVDevice.m; path = "cordova-plugin-device/CDVDevice.m"; sourceTree = "<group>"; };
		AB2723B123194A2DA379BDB9 /* ImageIO.framework */ = {isa = PBXFileReference; explicitFileType = undefined; fileEncoding = 9; includeInIndex = 0; lastKnownFileType = wrapper.framework; name = ImageIO.framework; path = System/Library/Frameworks/ImageIO.framework; sourceTree = SDKROOT; };
		ABCBE040E912426992F00EE1 /* QuartzCore.framework */ = {isa = PBXFileReference; explicitFileType = undefined; fileEncoding = 9; includeInIndex = 0; lastKnownFileType = wrapper.framework; name = QuartzCore.framework; path = System/Library/Frameworks/QuartzCore.framework; sourceTree = SDKROOT; };
		AF237491DC954DC98415EEC7 /* CoreLocation.framework */ = {isa = PBXFileReference; explicitFileType = undefined; fileEncoding = 9; includeInIndex = 0; lastKnownFileType = wrapper.framework; name = CoreLocation.framework; path = System/Library/Frameworks/CoreLocation.framework; sourceTree = SDKROOT; };
		B429A7C78AAA47379AC4ECEB /* CDVWKWebViewEngine.h */ = {isa = PBXFileReference; explicitFileType = undefined; fileEncoding = 4; includeInIndex = 0; lastKnownFileType = sourcecode.c.h; name = CDVWKWebViewEngine.h; path = "cordova-plugin-ionic-webview/CDVWKWebViewEngine.h"; sourceTree = "<group>"; };
		BF518159CBC04BD8865E22C7 /* GCDWebServerMultiPartFormRequest.m */ = {isa = PBXFileReference; explicitFileType = undefined; fileEncoding = 4; includeInIndex = 0; lastKnownFileType = sourcecode.c.objc; name = GCDWebServerMultiPartFormRequest.m; path = "cordova-plugin-ionic-webview/GCDWebServerMultiPartFormRequest.m"; sourceTree = "<group>"; };
		C21763676EAA411A86833039 /* GCDWebServerPrivate.h */ = {isa = PBXFileReference; explicitFileType = undefined; fileEncoding = 4; includeInIndex = 0; lastKnownFileType = sourcecode.c.h; name = GCDWebServerPrivate.h; path = "cordova-plugin-ionic-webview/GCDWebServerPrivate.h"; sourceTree = "<group>"; };
		C47DC6430AF24F26A73A75CF /* ListPicker.h */ = {isa = PBXFileReference; explicitFileType = undefined; fileEncoding = 4; includeInIndex = 0; lastKnownFileType = sourcecode.c.h; name = ListPicker.h; path = "cordova-plugin-listpicker/ListPicker.h"; sourceTree = "<group>"; };
		C858548DEDD64C32B14CAA74 /* UIImage+CropScaleOrientation.h */ = {isa = PBXFileReference; explicitFileType = undefined; fileEncoding = 4; includeInIndex = 0; lastKnownFileType = sourcecode.c.h; name = "UIImage+CropScaleOrientation.h"; path = "cordova-plugin-camera/UIImage+CropScaleOrientation.h"; sourceTree = "<group>"; };
		C86DE66E5AE64AAE9ABF3CF0 /* GCDWebServerFunctions.m */ = {isa = PBXFileReference; explicitFileType = undefined; fileEncoding = 4; includeInIndex = 0; lastKnownFileType = sourcecode.c.objc; name = GCDWebServerFunctions.m; path = "cordova-plugin-ionic-webview/GCDWebServerFunctions.m"; sourceTree = "<group>"; };
		C8C1A35CCF9943D3B88B90A3 /* AVFoundation.framework */ = {isa = PBXFileReference; explicitFileType = undefined; fileEncoding = 9; includeInIndex = 0; lastKnownFileType = wrapper.framework; name = AVFoundation.framework; path = System/Library/Frameworks/AVFoundation.framework; sourceTree = SDKROOT; };
		CCD4483C96D04F1592EAC58F /* GCDWebServerResponse.m */ = {isa = PBXFileReference; explicitFileType = undefined; fileEncoding = 4; includeInIndex = 0; lastKnownFileType = sourcecode.c.objc; name = GCDWebServerResponse.m; path = "cordova-plugin-ionic-webview/GCDWebServerResponse.m"; sourceTree = "<group>"; };
		CD0086EC95C441A2BA33B82F /* CDVSplashScreen.m */ = {isa = PBXFileReference; explicitFileType = undefined; fileEncoding = 4; includeInIndex = 0; lastKnownFileType = sourcecode.c.objc; name = CDVSplashScreen.m; path = "cordova-plugin-splashscreen/CDVSplashScreen.m"; sourceTree = "<group>"; };
		D66A242346F545239FC91029 /* CDVDeviceName.h */ = {isa = PBXFileReference; explicitFileType = undefined; fileEncoding = 4; includeInIndex = 0; lastKnownFileType = sourcecode.c.h; name = CDVDeviceName.h; path = "cordova-plugin-device-name/CDVDeviceName.h"; sourceTree = "<group>"; };
		D8CBCE2741BC48FDA63B872E /* IonicKeyboard.h */ = {isa = PBXFileReference; explicitFileType = undefined; fileEncoding = 4; includeInIndex = 0; lastKnownFileType = sourcecode.c.h; name = IonicKeyboard.h; path = "ionic-plugin-keyboard/IonicKeyboard.h"; sourceTree = "<group>"; };
		DBBD445ADB0447A784E3D1A4 /* CDVWKWebViewUIDelegate.h */ = {isa = PBXFileReference; explicitFileType = undefined; fileEncoding = 4; includeInIndex = 0; lastKnownFileType = sourcecode.c.h; name = CDVWKWebViewUIDelegate.h; path = "cordova-plugin-ionic-webview/CDVWKWebViewUIDelegate.h"; sourceTree = "<group>"; };
		E4757EB3EBA940CE9121A4BC /* GCDWebServerFunctions.h */ = {isa = PBXFileReference; explicitFileType = undefined; fileEncoding = 4; includeInIndex = 0; lastKnownFileType = sourcecode.c.h; name = GCDWebServerFunctions.h; path = "cordova-plugin-ionic-webview/GCDWebServerFunctions.h"; sourceTree = "<group>"; };
		E8A07563EA5A4425B273BE25 /* CDVExif.h */ = {isa = PBXFileReference; explicitFileType = undefined; fileEncoding = 4; includeInIndex = 0; lastKnownFileType = sourcecode.c.h; name = CDVExif.h; path = "cordova-plugin-camera/CDVExif.h"; sourceTree = "<group>"; };
		EA536539B8214FDBA1A750FE /* GCDWebServerStreamedResponse.m */ = {isa = PBXFileReference; explicitFileType = undefined; fileEncoding = 4; includeInIndex = 0; lastKnownFileType = sourcecode.c.objc; name = GCDWebServerStreamedResponse.m; path = "cordova-plugin-ionic-webview/GCDWebServerStreamedResponse.m"; sourceTree = "<group>"; };
		EB36844D2D774BDE8A1E3267 /* GCDWebServerErrorResponse.m */ = {isa = PBXFileReference; explicitFileType = undefined; fileEncoding = 4; includeInIndex = 0; lastKnownFileType = sourcecode.c.objc; name = GCDWebServerErrorResponse.m; path = "cordova-plugin-ionic-webview/GCDWebServerErrorResponse.m"; sourceTree = "<group>"; };
		EB87FDF31871DA8E0020F90C /* www */ = {isa = PBXFileReference; lastKnownFileType = folder; name = www; path = ../../www; sourceTree = "<group>"; };
		EB87FDF41871DAF40020F90C /* config.xml */ = {isa = PBXFileReference; lastKnownFileType = text.xml; name = config.xml; path = ../../config.xml; sourceTree = "<group>"; };
		ED33DF2A687741AEAF9F8254 /* Bridging-Header.h */ = {isa = PBXFileReference; fileEncoding = 4; lastKnownFileType = sourcecode.c.h; path = "Bridging-Header.h"; sourceTree = "<group>"; };
		ED36C77F18A9492EBC9EFACD /* CDVCamera.h */ = {isa = PBXFileReference; explicitFileType = undefined; fileEncoding = 4; includeInIndex = 0; lastKnownFileType = sourcecode.c.h; name = CDVCamera.h; path = "cordova-plugin-camera/CDVCamera.h"; sourceTree = "<group>"; };
		F840E1F0165FE0F500CFE078 /* config.xml */ = {isa = PBXFileReference; lastKnownFileType = text.xml; name = config.xml; path = "E-Activation/config.xml"; sourceTree = "<group>"; };
		FA0A6E262D9F4B65ABB70E47 /* CDVWKProcessPoolFactory.m */ = {isa = PBXFileReference; explicitFileType = undefined; fileEncoding = 4; includeInIndex = 0; lastKnownFileType = sourcecode.c.objc; name = CDVWKProcessPoolFactory.m; path = "cordova-plugin-ionic-webview/CDVWKProcessPoolFactory.m"; sourceTree = "<group>"; };
/* End PBXFileReference section */

/* Begin PBXFrameworksBuildPhase section */
		1D60588F0D05DD3D006BFB54 /* Frameworks */ = {
			isa = PBXFrameworksBuildPhase;
			buildActionMask = 2147483647;
			files = (
				301BF552109A68D80062928A /* libCordova.a in Frameworks */,
				E8994A17D8594138B94915CB /* ImageIO.framework in Frameworks */,
				0FDD2FC609D5479EB72DF0F3 /* CoreLocation.framework in Frameworks */,
				8F69745690904F0A9D2BF7A8 /* AVFoundation.framework in Frameworks */,
				3D409DD2AD414585A4CD121D /* WebKit.framework in Frameworks */,
				0F0E5DF3B8C14DA291DE1CE5 /* libz.tbd in Frameworks */,
				0C59BB10E97A42C6BCA04E8D /* libiconv.dylib in Frameworks */,
				28B9B9C127064ADBA652D468 /* CoreVideo.framework in Frameworks */,
				B4726E9D705846CE984A4E20 /* QuartzCore.framework in Frameworks */,
				6B0136CA152C4DF09223DD70 /* CoreImage.framework in Frameworks */,
				DCD97B365B7B4D718908A890 /* AudioToolbox.framework in Frameworks */,
			);
			runOnlyForDeploymentPostprocessing = 0;
		};
/* End PBXFrameworksBuildPhase section */

/* Begin PBXGroup section */
		080E96DDFE201D6D7F000001 /* Classes */ = {
			isa = PBXGroup;
			children = (
				302D95EE14D2391D003F00A1 /* MainViewController.h */,
				302D95EF14D2391D003F00A1 /* MainViewController.m */,
				302D95F014D2391D003F00A1 /* MainViewController.xib */,
				1D3623240D0F684500981E51 /* AppDelegate.h */,
				1D3623250D0F684500981E51 /* AppDelegate.m */,
			);
			name = Classes;
			path = "E-Activation/Classes";
			sourceTree = SOURCE_ROOT;
		};
		19C28FACFE9D520D11CA2CBB /* Products */ = {
			isa = PBXGroup;
			children = (
				1D6058910D05DD3D006BFB54 /* E-Activation.app */,
			);
			name = Products;
			sourceTree = "<group>";
		};
		29B97314FDCFA39411CA2CEA /* CustomTemplate */ = {
			isa = PBXGroup;
			children = (
				EB87FDF41871DAF40020F90C /* config.xml */,
				EB87FDF31871DA8E0020F90C /* www */,
				EB87FDF11871DA420020F90C /* Staging */,
				301BF52D109A57CC0062928A /* CordovaLib/CordovaLib.xcodeproj */,
				080E96DDFE201D6D7F000001 /* Classes */,
				307C750510C5A3420062BCA9 /* Plugins */,
				29B97315FDCFA39411CA2CEA /* Other Sources */,
				29B97317FDCFA39411CA2CEA /* Resources */,
				29B97323FDCFA39411CA2CEA /* Frameworks */,
				19C28FACFE9D520D11CA2CBB /* Products */,
			);
			name = CustomTemplate;
			sourceTree = "<group>";
		};
		29B97315FDCFA39411CA2CEA /* Other Sources */ = {
			isa = PBXGroup;
			children = (
				32CA4F630368D1EE00C91783 /* E-Activation-Prefix.pch */,
				29B97316FDCFA39411CA2CEA /* main.m */,
				ED33DF2A687741AEAF9F8254 /* Bridging-Header.h */,
			);
			name = "Other Sources";
			path = "E-Activation";
			sourceTree = "<group>";
		};
		29B97317FDCFA39411CA2CEA /* Resources */ = {
			isa = PBXGroup;
			children = (
				0207DA571B56EA530066E2B4 /* Images.xcassets */,
				3047A50E1AB8057F00498E2A /* config */,
				8D1107310486CEB800E47090 /* E-Activation-Info.plist */,
				6AFF5BF81D6E424B00AB3073 /* CDVLaunchScreen.storyboard */,
				451597FF42DA49D5ADDAC8F0 /* scannerOverlay.xib */,
				719B7A1208184E1EB2B7C5F9 /* CDVBarcodeScanner.bundle */,
			);
			name = Resources;
			path = "E-Activation/Resources";
			sourceTree = "<group>";
		};
		29B97323FDCFA39411CA2CEA /* Frameworks */ = {
			isa = PBXGroup;
			children = (
				AB2723B123194A2DA379BDB9 /* ImageIO.framework */,
				AF237491DC954DC98415EEC7 /* CoreLocation.framework */,
				C8C1A35CCF9943D3B88B90A3 /* AVFoundation.framework */,
				2C700516BF324C5BAFC24CEE /* WebKit.framework */,
				8849080AF40D42D1A7E70F0C /* libz.tbd */,
				98EFEA0444444196BBD86EEA /* libiconv.dylib */,
				99B948EEA43A410684BF11ED /* CoreVideo.framework */,
				ABCBE040E912426992F00EE1 /* QuartzCore.framework */,
				99E16E74ADBC4261B2869D0A /* CoreImage.framework */,
				31A4944E8ABF48F491CFFF62 /* AudioToolbox.framework */,
			);
			name = Frameworks;
			sourceTree = "<group>";
		};
		301BF52E109A57CC0062928A /* Products */ = {
			isa = PBXGroup;
			children = (
				301BF535109A57CC0062928A /* libCordova.a */,
				E02CE637203EA66E006BEC92 /* Cordova.framework */,
			);
			name = Products;
			sourceTree = "<group>";
		};
		3047A50E1AB8057F00498E2A /* config */ = {
			isa = PBXGroup;
			children = (
				3047A50F1AB8059700498E2A /* build-debug.xcconfig */,
				3047A5101AB8059700498E2A /* build-release.xcconfig */,
				3047A5111AB8059700498E2A /* build.xcconfig */,
			);
			name = config;
			sourceTree = "<group>";
		};
		307C750510C5A3420062BCA9 /* Plugins */ = {
			isa = PBXGroup;
			children = (
				952DEC6EE60049D1856616C2 /* UIImage+CropScaleOrientation.m */,
				A27551C45E234EFFBD2DA501 /* CDVCamera.m */,
				050037367C8740E38CB472F8 /* CDVJpegHeaderWriter.m */,
				C858548DEDD64C32B14CAA74 /* UIImage+CropScaleOrientation.h */,
				ED36C77F18A9492EBC9EFACD /* CDVCamera.h */,
				45823262686348ECA71B91FB /* CDVJpegHeaderWriter.h */,
				E8A07563EA5A4425B273BE25 /* CDVExif.h */,
				A64D7E276E6448A3984A1D85 /* CDVDevice.m */,
				9815B4C26DF94231A83862AB /* CDVDevice.h */,
				630666BEFDEC44D998904E8E /* CDVDeviceName.m */,
				D66A242346F545239FC91029 /* CDVDeviceName.h */,
				3D6C132F81CB42AFB2CE89C6 /* CDVWKWebViewEngine.m */,
				A5C4B06C98D44F13842CB92A /* CDVWKWebViewUIDelegate.m */,
				FA0A6E262D9F4B65ABB70E47 /* CDVWKProcessPoolFactory.m */,
				26305F402D814AF4A5E5CF9A /* GCDWebServer.m */,
				1784D948A54E45E79C2BBA65 /* GCDWebServerConnection.m */,
				C86DE66E5AE64AAE9ABF3CF0 /* GCDWebServerFunctions.m */,
				7BF9FAC7D2254578B47194D1 /* GCDWebServerRequest.m */,
				CCD4483C96D04F1592EAC58F /* GCDWebServerResponse.m */,
				37A43094D30D416D9C6DD262 /* GCDWebServerDataRequest.m */,
				60F5F242D43C4E3D8EEACC55 /* GCDWebServerFileRequest.m */,
				BF518159CBC04BD8865E22C7 /* GCDWebServerMultiPartFormRequest.m */,
				056C6F25B8D746DB9491D318 /* GCDWebServerURLEncodedFormRequest.m */,
				070829C6D5AF447D8FD91143 /* GCDWebServerDataResponse.m */,
				EB36844D2D774BDE8A1E3267 /* GCDWebServerErrorResponse.m */,
				A40FB25EA2C24683A1140B38 /* GCDWebServerFileResponse.m */,
				EA536539B8214FDBA1A750FE /* GCDWebServerStreamedResponse.m */,
				B429A7C78AAA47379AC4ECEB /* CDVWKWebViewEngine.h */,
				DBBD445ADB0447A784E3D1A4 /* CDVWKWebViewUIDelegate.h */,
				3A264598E26D43C8BD8B083F /* CDVWKProcessPoolFactory.h */,
				3CE3B10A8D9C46BDB51B76FF /* GCDWebServer.h */,
				040E750C1D45421DA0AF3892 /* GCDWebServerConnection.h */,
				E4757EB3EBA940CE9121A4BC /* GCDWebServerFunctions.h */,
				8661C5E303D6474EA87ADCC4 /* GCDWebServerHTTPStatusCodes.h */,
				C21763676EAA411A86833039 /* GCDWebServerPrivate.h */,
				4FCA2D0C0E394519AB390124 /* GCDWebServerRequest.h */,
				A2309F3603B04B13AF42E655 /* GCDWebServerResponse.h */,
				2A8D3AF2301248E592966AEC /* GCDWebServerDataRequest.h */,
				87D5FB67501A4D4A99C44ECF /* GCDWebServerFileRequest.h */,
				045E6B105FE04BDC911A447B /* GCDWebServerMultiPartFormRequest.h */,
				2DFA0811C6F74FA49DDA9F62 /* GCDWebServerURLEncodedFormRequest.h */,
				098F122971E343E3A7BA7310 /* GCDWebServerDataResponse.h */,
				A5D88FDAA28D4878B6813844 /* GCDWebServerErrorResponse.h */,
				6B2BB4869D30412AA68E82C5 /* GCDWebServerFileResponse.h */,
				2E271F9CB5AA48FD8D49179E /* GCDWebServerStreamedResponse.h */,
				9AF56A2E32964DD69AB81C62 /* ListPicker.m */,
				C47DC6430AF24F26A73A75CF /* ListPicker.h */,
				CD0086EC95C441A2BA33B82F /* CDVSplashScreen.m */,
				8E73298B4FC5462EAE7D9BB4 /* CDVViewController+SplashScreen.m */,
				3DA0FA05FF8A4A449B746921 /* CDVSplashScreen.h */,
				A0B598E3517D4705BD470362 /* CDVViewController+SplashScreen.h */,
				42B9047B66CB4A429F019B77 /* CDVStatusBar.m */,
				2228C6FE409E4728AF9D91E0 /* CDVStatusBar.h */,
				8C81E19D5668440FAAD57686 /* IonicKeyboard.m */,
				D8CBCE2741BC48FDA63B872E /* IonicKeyboard.h */,
				5F84EBC2E7A949458DAEB73B /* CDVBarcodeScanner.mm */,
				66B2E18A23914772BD56680A /* zxing-all-in-one.cpp */,
				443EACE264CF48B7BC79589A /* zxing-all-in-one.h */,
			);
			name = Plugins;
			path = "E-Activation/Plugins";
			sourceTree = SOURCE_ROOT;
		};
		EB87FDF11871DA420020F90C /* Staging */ = {
			isa = PBXGroup;
			children = (
				F840E1F0165FE0F500CFE078 /* config.xml */,
				301BF56E109A69640062928A /* www */,
			);
			name = Staging;
			sourceTree = "<group>";
		};
/* End PBXGroup section */

/* Begin PBXNativeTarget section */
		1D6058900D05DD3D006BFB54 /* E-Activation */ = {
			isa = PBXNativeTarget;
			buildConfigurationList = 1D6058960D05DD3E006BFB54 /* Build configuration list for PBXNativeTarget "E-Activation" */;
			buildPhases = (
				304B58A110DAC018002A0835 /* Copy www directory */,
				1D60588D0D05DD3D006BFB54 /* Resources */,
				1D60588E0D05DD3D006BFB54 /* Sources */,
				1D60588F0D05DD3D006BFB54 /* Frameworks */,
			);
			buildRules = (
			);
			dependencies = (
				301BF551109A68C00062928A /* PBXTargetDependency */,
			);
			name = "E-Activation";
			productName = "E-Activation";
			productReference = 1D6058910D05DD3D006BFB54 /* E-Activation.app */;
			productType = "com.apple.product-type.application";
		};
/* End PBXNativeTarget section */

/* Begin PBXProject section */
		29B97313FDCFA39411CA2CEA /* Project object */ = {
			isa = PBXProject;
			attributes = {
				LastUpgradeCheck = 510;
				TargetAttributes = {
					1D6058900D05DD3D006BFB54 = {
						DevelopmentTeam = 639RJ2QGZ4;
						ProvisioningStyle = Automatic;
					};
				};
			};
			buildConfigurationList = C01FCF4E08A954540054247B /* Build configuration list for PBXProject "E-Activation" */;
			compatibilityVersion = "Xcode 3.2";
			developmentRegion = English;
			hasScannedForEncodings = 1;
			knownRegions = (
				en,
			);
			mainGroup = 29B97314FDCFA39411CA2CEA /* CustomTemplate */;
			projectDirPath = "";
			projectReferences = (
				{
					ProductGroup = 301BF52E109A57CC0062928A /* Products */;
					ProjectRef = 301BF52D109A57CC0062928A /* CordovaLib/CordovaLib.xcodeproj */;
				},
			);
			projectRoot = "";
			targets = (
				1D6058900D05DD3D006BFB54 /* E-Activation */,
			);
		};
/* End PBXProject section */

/* Begin PBXReferenceProxy section */
		301BF535109A57CC0062928A /* libCordova.a */ = {
			isa = PBXReferenceProxy;
			fileType = archive.ar;
			path = libCordova.a;
			remoteRef = 301BF534109A57CC0062928A /* PBXContainerItemProxy */;
			sourceTree = BUILT_PRODUCTS_DIR;
		};
		E02CE637203EA66E006BEC92 /* Cordova.framework */ = {
			isa = PBXReferenceProxy;
			fileType = wrapper.framework;
			path = Cordova.framework;
			remoteRef = E02CE636203EA66E006BEC92 /* PBXContainerItemProxy */;
			sourceTree = BUILT_PRODUCTS_DIR;
		};
/* End PBXReferenceProxy section */

/* Begin PBXResourcesBuildPhase section */
		1D60588D0D05DD3D006BFB54 /* Resources */ = {
			isa = PBXResourcesBuildPhase;
			buildActionMask = 2147483647;
			files = (
				302D95F214D2391D003F00A1 /* MainViewController.xib in Resources */,
				0207DA581B56EA530066E2B4 /* Images.xcassets in Resources */,
				6AFF5BF91D6E424B00AB3073 /* CDVLaunchScreen.storyboard in Resources */,
				D64E606805D84C05B5E5B754 /* scannerOverlay.xib in Resources */,
				905A44E8EAD94929BFAD9B96 /* CDVBarcodeScanner.bundle in Resources */,
			);
			runOnlyForDeploymentPostprocessing = 0;
		};
/* End PBXResourcesBuildPhase section */

/* Begin PBXShellScriptBuildPhase section */
		304B58A110DAC018002A0835 /* Copy www directory */ = {
			isa = PBXShellScriptBuildPhase;
			buildActionMask = 2147483647;
			files = (
			);
			inputPaths = (
			);
			name = "Copy www directory";
			outputPaths = (
			);
			runOnlyForDeploymentPostprocessing = 0;
			shellPath = /bin/sh;
			shellScript = "NODEJS_PATH=/usr/local/bin; NVM_NODE_PATH=~/.nvm/versions/node/`nvm version 2>/dev/null`/bin; N_NODE_PATH=`find /usr/local/n/versions/node/* -maxdepth 0 -type d 2>/dev/null | tail -1`/bin; XCODE_NODE_PATH=`xcode-select --print-path`/usr/share/xcs/Node/bin; PATH=$NODEJS_PATH:$NVM_NODE_PATH:$N_NODE_PATH:$XCODE_NODE_PATH:$PATH && node cordova/lib/copy-www-build-step.js";
			showEnvVarsInLog = 0;
		};
/* End PBXShellScriptBuildPhase section */

/* Begin PBXSourcesBuildPhase section */
		1D60588E0D05DD3D006BFB54 /* Sources */ = {
			isa = PBXSourcesBuildPhase;
			buildActionMask = 2147483647;
			files = (
				1D60589B0D05DD56006BFB54 /* main.m in Sources */,
				1D3623260D0F684500981E51 /* AppDelegate.m in Sources */,
				302D95F114D2391D003F00A1 /* MainViewController.m in Sources */,
				29FE269DC64746D98C47FD57 /* UIImage+CropScaleOrientation.m in Sources */,
				080F46B967AE4E1A925339CC /* CDVCamera.m in Sources */,
				FBBF8658672C4A0A8D2019FC /* CDVJpegHeaderWriter.m in Sources */,
				83F301DC35AA47629DF10E69 /* CDVDevice.m in Sources */,
				8728F63A2F50401F9BCEB776 /* CDVDeviceName.m in Sources */,
				9C1D5E6604DA412E8C8BD291 /* CDVWKWebViewEngine.m in Sources */,
				35931A2125354256A85A1FE9 /* CDVWKWebViewUIDelegate.m in Sources */,
				41CF352C9B9C4EEC88542FE2 /* CDVWKProcessPoolFactory.m in Sources */,
				3BC1275D02D54AA5A9444CD0 /* GCDWebServer.m in Sources */,
				8F9675CD853746BDA502C012 /* GCDWebServerConnection.m in Sources */,
				24CF74CC241F443E89668A8C /* GCDWebServerFunctions.m in Sources */,
				B39FA017EF7A4194A71341E0 /* GCDWebServerRequest.m in Sources */,
				DCF3AABF15C14CEA960C5FE0 /* GCDWebServerResponse.m in Sources */,
				D0177954FA2F42EFB3AAF600 /* GCDWebServerDataRequest.m in Sources */,
				044FF479AA72484095CAB272 /* GCDWebServerFileRequest.m in Sources */,
				D2AF68AB21DA41C29D2E5DAE /* GCDWebServerMultiPartFormRequest.m in Sources */,
				4E11AB8D18CF44BEA97D35F1 /* GCDWebServerURLEncodedFormRequest.m in Sources */,
				9AC43CF90BC44956B5FB748D /* GCDWebServerDataResponse.m in Sources */,
				53DD758412174ADAACAA90BD /* GCDWebServerErrorResponse.m in Sources */,
				F7AE83144FC3419D81849C3A /* GCDWebServerFileResponse.m in Sources */,
				8D99756EE46D462D87F9403A /* GCDWebServerStreamedResponse.m in Sources */,
				0C25CA38F80346E093B64FD8 /* ListPicker.m in Sources */,
				EFC8ECCA13B44C44B7860237 /* CDVSplashScreen.m in Sources */,
				18411F5ACFA54E6A962C1FE7 /* CDVViewController+SplashScreen.m in Sources */,
				73CC923D1EC446AB98C91B8B /* CDVStatusBar.m in Sources */,
				5EC996B4F0314A7B960D522D /* IonicKeyboard.m in Sources */,
				287F0C2D8B3B46DDA4BF8143 /* CDVBarcodeScanner.mm in Sources */,
				93BC54E6F34A4D2783038AD4 /* zxing-all-in-one.cpp in Sources */,
			);
			runOnlyForDeploymentPostprocessing = 0;
		};
/* End PBXSourcesBuildPhase section */

/* Begin PBXTargetDependency section */
		301BF551109A68C00062928A /* PBXTargetDependency */ = {
			isa = PBXTargetDependency;
			name = CordovaLib;
			targetProxy = 301BF550109A68C00062928A /* PBXContainerItemProxy */;
		};
/* End PBXTargetDependency section */

/* Begin XCBuildConfiguration section */
		1D6058940D05DD3E006BFB54 /* Debug */ = {
			isa = XCBuildConfiguration;
			baseConfigurationReference = 3047A50F1AB8059700498E2A /* build-debug.xcconfig */;
			buildSettings = {
				ALWAYS_SEARCH_USER_PATHS = NO;
				ASSETCATALOG_COMPILER_APPICON_NAME = AppIcon;
				ASSETCATALOG_COMPILER_LAUNCHIMAGE_NAME = LaunchImage;
				CLANG_ENABLE_MODULES = YES;
				CLANG_ENABLE_OBJC_ARC = YES;
				"CODE_SIGN_IDENTITY[sdk=iphoneos*]" = "iPhone Developer";
				CODE_SIGN_STYLE = Automatic;
				COPY_PHASE_STRIP = NO;
				DEVELOPMENT_TEAM = 639RJ2QGZ4;
				GCC_DYNAMIC_NO_PIC = NO;
				GCC_OPTIMIZATION_LEVEL = 0;
				GCC_PRECOMPILE_PREFIX_HEADER = YES;
				GCC_PREFIX_HEADER = "E-Activation/E-Activation-Prefix.pch";
				GCC_THUMB_SUPPORT = NO;
				GCC_VERSION = "";
				INFOPLIST_FILE = "E-Activation/E-Activation-Info.plist";
				IPHONEOS_DEPLOYMENT_TARGET = 9.0;
				LD_RUNPATH_SEARCH_PATHS = "@executable_path/Frameworks";
				PRODUCT_NAME = "E-Activation";
				PROVISIONING_PROFILE_SPECIFIER = "";
				TARGETED_DEVICE_FAMILY = "1,2";
			};
			name = Debug;
		};
		1D6058950D05DD3E006BFB54 /* Release */ = {
			isa = XCBuildConfiguration;
			baseConfigurationReference = 3047A5101AB8059700498E2A /* build-release.xcconfig */;
			buildSettings = {
				ALWAYS_SEARCH_USER_PATHS = NO;
				ASSETCATALOG_COMPILER_APPICON_NAME = AppIcon;
				ASSETCATALOG_COMPILER_LAUNCHIMAGE_NAME = LaunchImage;
				CLANG_ENABLE_MODULES = YES;
				CLANG_ENABLE_OBJC_ARC = YES;
				"CODE_SIGN_IDENTITY[sdk=iphoneos*]" = "iPhone Developer";
				CODE_SIGN_STYLE = Automatic;
				COPY_PHASE_STRIP = YES;
				DEVELOPMENT_TEAM = 639RJ2QGZ4;
				GCC_PRECOMPILE_PREFIX_HEADER = YES;
				GCC_PREFIX_HEADER = "E-Activation/E-Activation-Prefix.pch";
				GCC_THUMB_SUPPORT = NO;
				GCC_VERSION = "";
				INFOPLIST_FILE = "E-Activation/E-Activation-Info.plist";
				IPHONEOS_DEPLOYMENT_TARGET = 9.0;
				LD_RUNPATH_SEARCH_PATHS = "@executable_path/Frameworks";
				PRODUCT_NAME = "E-Activation";
				PROVISIONING_PROFILE_SPECIFIER = "";
				TARGETED_DEVICE_FAMILY = "1,2";
			};
			name = Release;
		};
		C01FCF4F08A954540054247B /* Debug */ = {
			isa = XCBuildConfiguration;
			baseConfigurationReference = 3047A5111AB8059700498E2A /* build.xcconfig */;
			buildSettings = {
				CLANG_ENABLE_MODULES = YES;
				CLANG_ENABLE_OBJC_ARC = YES;
				CLANG_WARN_BOOL_CONVERSION = YES;
				CLANG_WARN_CONSTANT_CONVERSION = YES;
				CLANG_WARN_EMPTY_BODY = YES;
				CLANG_WARN_ENUM_CONVERSION = YES;
				CLANG_WARN_INT_CONVERSION = YES;
				CLANG_WARN__DUPLICATE_METHOD_MATCH = YES;
				GCC_C_LANGUAGE_STANDARD = c99;
				GCC_THUMB_SUPPORT = NO;
				GCC_VERSION = "";
				GCC_WARN_ABOUT_RETURN_TYPE = YES;
				GCC_WARN_UNDECLARED_SELECTOR = YES;
				GCC_WARN_UNINITIALIZED_AUTOS = YES;
				GCC_WARN_UNUSED_FUNCTION = YES;
				GCC_WARN_UNUSED_VARIABLE = YES;
				ONLY_ACTIVE_ARCH = YES;
				SDKROOT = iphoneos;
				SKIP_INSTALL = NO;
			};
			name = Debug;
		};
		C01FCF5008A954540054247B /* Release */ = {
			isa = XCBuildConfiguration;
			baseConfigurationReference = 3047A5111AB8059700498E2A /* build.xcconfig */;
			buildSettings = {
				CLANG_ENABLE_MODULES = YES;
				CLANG_ENABLE_OBJC_ARC = YES;
				CLANG_WARN_BOOL_CONVERSION = YES;
				CLANG_WARN_CONSTANT_CONVERSION = YES;
				CLANG_WARN_EMPTY_BODY = YES;
				CLANG_WARN_ENUM_CONVERSION = YES;
				CLANG_WARN_INT_CONVERSION = YES;
				CLANG_WARN__DUPLICATE_METHOD_MATCH = YES;
				GCC_C_LANGUAGE_STANDARD = c99;
				GCC_THUMB_SUPPORT = NO;
				GCC_VERSION = "";
				GCC_WARN_ABOUT_RETURN_TYPE = YES;
				GCC_WARN_UNDECLARED_SELECTOR = YES;
				GCC_WARN_UNINITIALIZED_AUTOS = YES;
				GCC_WARN_UNUSED_FUNCTION = YES;
				GCC_WARN_UNUSED_VARIABLE = YES;
				SDKROOT = iphoneos;
				SKIP_INSTALL = NO;
			};
			name = Release;
		};
/* End XCBuildConfiguration section */

/* Begin XCConfigurationList section */
		1D6058960D05DD3E006BFB54 /* Build configuration list for PBXNativeTarget "E-Activation" */ = {
			isa = XCConfigurationList;
			buildConfigurations = (
				1D6058940D05DD3E006BFB54 /* Debug */,
				1D6058950D05DD3E006BFB54 /* Release */,
			);
			defaultConfigurationIsVisible = 0;
			defaultConfigurationName = Release;
		};
		C01FCF4E08A954540054247B /* Build configuration list for PBXProject "E-Activation" */ = {
			isa = XCConfigurationList;
			buildConfigurations = (
				C01FCF4F08A954540054247B /* Debug */,
				C01FCF5008A954540054247B /* Release */,
			);
			defaultConfigurationIsVisible = 0;
			defaultConfigurationName = Release;
		};
/* End XCConfigurationList section */
	};
	rootObject = 29B97313FDCFA39411CA2CEA /* Project object */;
}
